# This file was autogenerated by Stack.
# You should not edit this file by hand.
# For more information, please see the documentation at:
#   https://docs.haskellstack.org/en/stable/lock_files

packages:
- completed:
    name: quickcheck-comonad-laws
    version: 1.0.0.0
    git: https://github.com/d12frosted/quickcheck-comonad-laws
    pantry-tree:
      size: 725
      sha256: 24c4197ee6db57be5ac005e7a4ddfea06fd60a6d5aeeec0eb410b9e2459e7683
    commit: 7b93c5cd0dd31b808f81fa0940b7f65cd43a3ee7
  original:
    git: https://github.com/d12frosted/quickcheck-comonad-laws
    commit: 7b93c5cd0dd31b808f81fa0940b7f65cd43a3ee7
snapshots:
- completed:
    size: 532380
    url: https://raw.githubusercontent.com/commercialhaskell/stackage-snapshots/master/lts/16/15.yaml
    sha256: 3b5f2a699aa5ed3abbc30410062bf743926f0868ce3eeb5655370c6c6cc1a9f4
  original: lts-16.15
